
Microsoft Visual Studio Solution File, Format Version 12.00
# Visual Studio Version 17
VisualStudioVersion = 17.14.36811.4 d17.14
MinimumVisualStudioVersion = 10.0.40219.1
Project("{FAE04EC0-301F-11D3-BF4B-00C04F79EFBC}") = "Calculadora Adição", "Calculadora Adição\Calculadora Adição.csproj", "{0845533A-1A43-40DE-948E-9FE718D09446}"
EndProject
Global
	GlobalSection(SolutionConfigurationPlatforms) = preSolution
		Debug|Any CPU = Debug|Any CPU
		Release|Any CPU = Release|Any CPU
	EndGlobalSection
	GlobalSection(ProjectConfigurationPlatforms) = postSolution
		{0845533A-1A43-40DE-948E-9FE718D09446}.Debug|Any CPU.ActiveCfg = Debug|Any CPU
		{0845533A-1A43-40DE-948E-9FE718D09446}.Debug|Any CPU.Build.0 = Debug|Any CPU
		{0845533A-1A43-40DE-948E-9FE718D09446}.Release|Any CPU.ActiveCfg = Release|Any CPU
		{0845533A-1A43-40DE-948E-9FE718D09446}.Release|Any CPU.Build.0 = Release|Any CPU
	EndGlobalSection
	GlobalSection(SolutionProperties) = preSolution
		HideSolutionNode = FALSE
	EndGlobalSection
	GlobalSection(ExtensibilityGlobals) = postSolution
		SolutionGuid = {7D94D3AC-07EC-4F31-B252-BB322CBBA7FF}
	EndGlobalSection
EndGlobal
